
Microsoft Visual Studio Solution File, Format Version 12.00
# Visual Studio 15
VisualStudioVersion = 15.0.33026.149
MinimumVisualStudioVersion = 10.0.40219.1
Project("{FAE04EC0-301F-11D3-BF4B-00C04F79EFBC}") = "ConversorEBCDIC", "ConversorEBCDIC\ConversorEBCDIC.csproj", "{F3A51712-2A19-4A38-84D4-FC34D52D6305}"
EndProject
Global
	GlobalSection(SolutionConfigurationPlatforms) = preSolution
		Debug|Any CPU = Debug|Any CPU
		Release|Any CPU = Release|Any CPU
	EndGlobalSection
	GlobalSection(ProjectConfigurationPlatforms) = postSolution
		{F3A51712-2A19-4A38-84D4-FC34D52D6305}.Debug|Any CPU.ActiveCfg = Debug|Any CPU
		{F3A51712-2A19-4A38-84D4-FC34D52D6305}.Debug|Any CPU.Build.0 = Debug|Any CPU
		{F3A51712-2A19-4A38-84D4-FC34D52D6305}.Release|Any CPU.ActiveCfg = Release|Any CPU
		{F3A51712-2A19-4A38-84D4-FC34D52D6305}.Release|Any CPU.Build.0 = Release|Any CPU
	EndGlobalSection
	GlobalSection(SolutionProperties) = preSolution
		HideSolutionNode = FALSE
	EndGlobalSection
	GlobalSection(ExtensibilityGlobals) = postSolution
		SolutionGuid = {EBCFCB73-EF6A-4283-A64D-37045DE9B98E}
	EndGlobalSection
EndGlobal
